
Microsoft Visual Studio Solution File, Format Version 12.00
# Visual Studio Version 17
VisualStudioVersion = 17.9.34728.123
MinimumVisualStudioVersion = 10.0.40219.1
Project("{FAE04EC0-301F-11D3-BF4B-00C04F79EFBC}") = "AssetManagement", "AssetManagement\AssetManagement.csproj", "{942BE635-4400-455B-A470-814DC6B4470D}"
EndProject
Global
	GlobalSection(SolutionConfigurationPlatforms) = preSolution
		Debug|Any CPU = Debug|Any CPU
		Release|Any CPU = Release|Any CPU
	EndGlobalSection
	GlobalSection(ProjectConfigurationPlatforms) = postSolution
		{942BE635-4400-455B-A470-814DC6B4470D}.Debug|Any CPU.ActiveCfg = Debug|Any CPU
		{942BE635-4400-455B-A470-814DC6B4470D}.Debug|Any CPU.Build.0 = Debug|Any CPU
		{942BE635-4400-455B-A470-814DC6B4470D}.Release|Any CPU.ActiveCfg = Release|Any CPU
		{942BE635-4400-455B-A470-814DC6B4470D}.Release|Any CPU.Build.0 = Release|Any CPU
	EndGlobalSection
	GlobalSection(SolutionProperties) = preSolution
		HideSolutionNode = FALSE
	EndGlobalSection
	GlobalSection(ExtensibilityGlobals) = postSolution
		SolutionGuid = {ED7545D9-BF06-4384-90EE-D3FB3D3B2ADC}
	EndGlobalSection
EndGlobal
